
Microsoft Visual Studio Solution File, Format Version 12.00
# Visual Studio 15
VisualStudioVersion = 15.0.27428.2037
MinimumVisualStudioVersion = 10.0.40219.1
Project("{9A19103F-16F7-4668-BE54-9A1E7A4F7556}") = "BeginTest", "..\BeginTest\BeginTest.csproj", "{3EE74A95-323F-4CC0-A23D-6A9D4F64053E}"
EndProject
Project("{E53339B2-1760-4266-BCC7-CA923CBCF16C}") = "docker-compose", "docker-compose.dcproj", "{244ED680-29B8-4B3E-BA82-EEF18E3DC84B}"
EndProject
Project("{9A19103F-16F7-4668-BE54-9A1E7A4F7556}") = "CreateTest", "..\CreateTest\CreateTest.csproj", "{E1A04CE4-813D-4755-879D-BEE8EDCA4247}"
EndProject
Project("{9A19103F-16F7-4668-BE54-9A1E7A4F7556}") = "Model", "..\Model\Model.csproj", "{6EDED155-C711-461E-8617-7307F5F29F1E}"
EndProject
Project("{9A19103F-16F7-4668-BE54-9A1E7A4F7556}") = "Services", "..\Services\Services.csproj", "{4B3A7613-89DC-4B2D-B674-0C01D301FCD0}"
EndProject
Project("{9A19103F-16F7-4668-BE54-9A1E7A4F7556}") = "API", "..\API\API.csproj", "{95D8A2F7-DA78-4F69-B5DE-4614764A7261}"
EndProject
Project("{9A19103F-16F7-4668-BE54-9A1E7A4F7556}") = "Auth", "Auth\Auth.csproj", "{2FB30141-7438-4E5D-B792-6896BBC8C3B7}"
EndProject
Project("{9A19103F-16F7-4668-BE54-9A1E7A4F7556}") = "AuthenticationLibrary", "AuthenticationLibrary\AuthenticationLibrary.csproj", "{8639F198-BDFB-414A-8028-41DE2BFD8DC7}"
EndProject
Project("{9A19103F-16F7-4668-BE54-9A1E7A4F7556}") = "StudentTest", "StudentTest\StudentTest.csproj", "{E08D4F15-436C-4048-9AB0-3AC315EBE495}"
EndProject
Project("{FAE04EC0-301F-11D3-BF4B-00C04F79EFBC}") = "TeacherViewResults", "..\TeacherViewResults\TeacherViewResults.csproj", "{CA7F8DF6-8035-4E4C-A52B-DEE683A0760D}"
EndProject
Project("{FAE04EC0-301F-11D3-BF4B-00C04F79EFBC}") = "TeacherTests", "TeacherTests\TeacherTests.csproj", "{A4119439-8011-4AE2-AE84-26A9A8F1AE2E}"
EndProject
Global
	GlobalSection(SolutionConfigurationPlatforms) = preSolution
		Debug|Any CPU = Debug|Any CPU
		Release|Any CPU = Release|Any CPU
	EndGlobalSection
	GlobalSection(ProjectConfigurationPlatforms) = postSolution
		{3EE74A95-323F-4CC0-A23D-6A9D4F64053E}.Debug|Any CPU.ActiveCfg = Debug|Any CPU
		{3EE74A95-323F-4CC0-A23D-6A9D4F64053E}.Debug|Any CPU.Build.0 = Debug|Any CPU
		{3EE74A95-323F-4CC0-A23D-6A9D4F64053E}.Release|Any CPU.ActiveCfg = Release|Any CPU
		{3EE74A95-323F-4CC0-A23D-6A9D4F64053E}.Release|Any CPU.Build.0 = Release|Any CPU
		{244ED680-29B8-4B3E-BA82-EEF18E3DC84B}.Debug|Any CPU.ActiveCfg = Debug|Any CPU
		{244ED680-29B8-4B3E-BA82-EEF18E3DC84B}.Debug|Any CPU.Build.0 = Debug|Any CPU
		{244ED680-29B8-4B3E-BA82-EEF18E3DC84B}.Release|Any CPU.ActiveCfg = Release|Any CPU
		{244ED680-29B8-4B3E-BA82-EEF18E3DC84B}.Release|Any CPU.Build.0 = Release|Any CPU
		{E1A04CE4-813D-4755-879D-BEE8EDCA4247}.Debug|Any CPU.ActiveCfg = Debug|Any CPU
		{E1A04CE4-813D-4755-879D-BEE8EDCA4247}.Debug|Any CPU.Build.0 = Debug|Any CPU
		{E1A04CE4-813D-4755-879D-BEE8EDCA4247}.Release|Any CPU.ActiveCfg = Release|Any CPU
		{E1A04CE4-813D-4755-879D-BEE8EDCA4247}.Release|Any CPU.Build.0 = Release|Any CPU
		{6EDED155-C711-461E-8617-7307F5F29F1E}.Debug|Any CPU.ActiveCfg = Debug|Any CPU
		{6EDED155-C711-461E-8617-7307F5F29F1E}.Debug|Any CPU.Build.0 = Debug|Any CPU
		{6EDED155-C711-461E-8617-7307F5F29F1E}.Release|Any CPU.ActiveCfg = Release|Any CPU
		{6EDED155-C711-461E-8617-7307F5F29F1E}.Release|Any CPU.Build.0 = Release|Any CPU
		{4B3A7613-89DC-4B2D-B674-0C01D301FCD0}.Debug|Any CPU.ActiveCfg = Debug|Any CPU
		{4B3A7613-89DC-4B2D-B674-0C01D301FCD0}.Debug|Any CPU.Build.0 = Debug|Any CPU
		{4B3A7613-89DC-4B2D-B674-0C01D301FCD0}.Release|Any CPU.ActiveCfg = Release|Any CPU
		{4B3A7613-89DC-4B2D-B674-0C01D301FCD0}.Release|Any CPU.Build.0 = Release|Any CPU
		{95D8A2F7-DA78-4F69-B5DE-4614764A7261}.Debug|Any CPU.ActiveCfg = Debug|Any CPU
		{95D8A2F7-DA78-4F69-B5DE-4614764A7261}.Debug|Any CPU.Build.0 = Debug|Any CPU
		{95D8A2F7-DA78-4F69-B5DE-4614764A7261}.Release|Any CPU.ActiveCfg = Release|Any CPU
		{95D8A2F7-DA78-4F69-B5DE-4614764A7261}.Release|Any CPU.Build.0 = Release|Any CPU
		{2FB30141-7438-4E5D-B792-6896BBC8C3B7}.Debug|Any CPU.ActiveCfg = Debug|Any CPU
		{2FB30141-7438-4E5D-B792-6896BBC8C3B7}.Debug|Any CPU.Build.0 = Debug|Any CPU
		{2FB30141-7438-4E5D-B792-6896BBC8C3B7}.Release|Any CPU.ActiveCfg = Release|Any CPU
		{2FB30141-7438-4E5D-B792-6896BBC8C3B7}.Release|Any CPU.Build.0 = Release|Any CPU
		{8639F198-BDFB-414A-8028-41DE2BFD8DC7}.Debug|Any CPU.ActiveCfg = Debug|Any CPU
		{8639F198-BDFB-414A-8028-41DE2BFD8DC7}.Debug|Any CPU.Build.0 = Debug|Any CPU
		{8639F198-BDFB-414A-8028-41DE2BFD8DC7}.Release|Any CPU.ActiveCfg = Release|Any CPU
		{8639F198-BDFB-414A-8028-41DE2BFD8DC7}.Release|Any CPU.Build.0 = Release|Any CPU
		{E08D4F15-436C-4048-9AB0-3AC315EBE495}.Debug|Any CPU.ActiveCfg = Debug|Any CPU
		{E08D4F15-436C-4048-9AB0-3AC315EBE495}.Debug|Any CPU.Build.0 = Debug|Any CPU
		{E08D4F15-436C-4048-9AB0-3AC315EBE495}.Release|Any CPU.ActiveCfg = Release|Any CPU
		{E08D4F15-436C-4048-9AB0-3AC315EBE495}.Release|Any CPU.Build.0 = Release|Any CPU
		{CA7F8DF6-8035-4E4C-A52B-DEE683A0760D}.Debug|Any CPU.ActiveCfg = Debug|Any CPU
		{CA7F8DF6-8035-4E4C-A52B-DEE683A0760D}.Debug|Any CPU.Build.0 = Debug|Any CPU
		{CA7F8DF6-8035-4E4C-A52B-DEE683A0760D}.Release|Any CPU.ActiveCfg = Release|Any CPU
		{CA7F8DF6-8035-4E4C-A52B-DEE683A0760D}.Release|Any CPU.Build.0 = Release|Any CPU
		{A4119439-8011-4AE2-AE84-26A9A8F1AE2E}.Debug|Any CPU.ActiveCfg = Debug|Any CPU
		{A4119439-8011-4AE2-AE84-26A9A8F1AE2E}.Debug|Any CPU.Build.0 = Debug|Any CPU
		{A4119439-8011-4AE2-AE84-26A9A8F1AE2E}.Release|Any CPU.ActiveCfg = Release|Any CPU
		{A4119439-8011-4AE2-AE84-26A9A8F1AE2E}.Release|Any CPU.Build.0 = Release|Any CPU
	EndGlobalSection
	GlobalSection(SolutionProperties) = preSolution
		HideSolutionNode = FALSE
	EndGlobalSection
	GlobalSection(ExtensibilityGlobals) = postSolution
		SolutionGuid = {E203B967-5DD2-49B9-98E5-2586795C933E}
	EndGlobalSection
EndGlobal
